
Microsoft Visual Studio Solution File, Format Version 12.00
# Visual Studio 2012
Project("{FAE04EC0-301F-11D3-BF4B-00C04F79EFBC}") = "MetroTama", "MetroTama\MetroTama.csproj", "{7FD42D83-0D6B-4F86-8C9B-A75419F19AA7}"
EndProject
Project("{FAE04EC0-301F-11D3-BF4B-00C04F79EFBC}") = "MetroTamaUTest", "MetroTamaUTest\MetroTamaUTest.csproj", "{5CFE5C1A-DBD7-4C62-9EAF-86D8ABD117BD}"
EndProject
Project("{FAE04EC0-301F-11D3-BF4B-00C04F79EFBC}") = "BackgroundTasks", "BackgroundTasks\BackgroundTasks.csproj", "{181773BD-E35E-4000-A5BB-F526C5E65E17}"
EndProject
Project("{FAE04EC0-301F-11D3-BF4B-00C04F79EFBC}") = "TamaDomain", "TamaDomain\TamaDomain.csproj", "{F0F40C1F-24AA-481F-A23C-77E247B2EAFF}"
EndProject
Global
	GlobalSection(SolutionConfigurationPlatforms) = preSolution
		Debug|Any CPU = Debug|Any CPU
		Debug|ARM = Debug|ARM
		Debug|x64 = Debug|x64
		Debug|x86 = Debug|x86
		Release|Any CPU = Release|Any CPU
		Release|ARM = Release|ARM
		Release|x64 = Release|x64
		Release|x86 = Release|x86
	EndGlobalSection
	GlobalSection(ProjectConfigurationPlatforms) = postSolution
		{7FD42D83-0D6B-4F86-8C9B-A75419F19AA7}.Debug|Any CPU.ActiveCfg = Debug|x86
		{7FD42D83-0D6B-4F86-8C9B-A75419F19AA7}.Debug|Any CPU.Build.0 = Debug|x86
		{7FD42D83-0D6B-4F86-8C9B-A75419F19AA7}.Debug|Any CPU.Deploy.0 = Debug|x86
		{7FD42D83-0D6B-4F86-8C9B-A75419F19AA7}.Debug|ARM.ActiveCfg = Debug|ARM
		{7FD42D83-0D6B-4F86-8C9B-A75419F19AA7}.Debug|ARM.Build.0 = Debug|ARM
		{7FD42D83-0D6B-4F86-8C9B-A75419F19AA7}.Debug|ARM.Deploy.0 = Debug|ARM
		{7FD42D83-0D6B-4F86-8C9B-A75419F19AA7}.Debug|x64.ActiveCfg = Debug|x64
		{7FD42D83-0D6B-4F86-8C9B-A75419F19AA7}.Debug|x64.Build.0 = Debug|x64
		{7FD42D83-0D6B-4F86-8C9B-A75419F19AA7}.Debug|x64.Deploy.0 = Debug|x64
		{7FD42D83-0D6B-4F86-8C9B-A75419F19AA7}.Debug|x86.ActiveCfg = Debug|x86
		{7FD42D83-0D6B-4F86-8C9B-A75419F19AA7}.Debug|x86.Build.0 = Debug|x86
		{7FD42D83-0D6B-4F86-8C9B-A75419F19AA7}.Debug|x86.Deploy.0 = Debug|x86
		{7FD42D83-0D6B-4F86-8C9B-A75419F19AA7}.Release|Any CPU.ActiveCfg = Release|Any CPU
		{7FD42D83-0D6B-4F86-8C9B-A75419F19AA7}.Release|Any CPU.Build.0 = Release|Any CPU
		{7FD42D83-0D6B-4F86-8C9B-A75419F19AA7}.Release|Any CPU.Deploy.0 = Release|Any CPU
		{7FD42D83-0D6B-4F86-8C9B-A75419F19AA7}.Release|ARM.ActiveCfg = Release|ARM
		{7FD42D83-0D6B-4F86-8C9B-A75419F19AA7}.Release|ARM.Build.0 = Release|ARM
		{7FD42D83-0D6B-4F86-8C9B-A75419F19AA7}.Release|ARM.Deploy.0 = Release|ARM
		{7FD42D83-0D6B-4F86-8C9B-A75419F19AA7}.Release|x64.ActiveCfg = Release|x64
		{7FD42D83-0D6B-4F86-8C9B-A75419F19AA7}.Release|x64.Build.0 = Release|x64
		{7FD42D83-0D6B-4F86-8C9B-A75419F19AA7}.Release|x64.Deploy.0 = Release|x64
		{7FD42D83-0D6B-4F86-8C9B-A75419F19AA7}.Release|x86.ActiveCfg = Release|x86
		{7FD42D83-0D6B-4F86-8C9B-A75419F19AA7}.Release|x86.Build.0 = Release|x86
		{7FD42D83-0D6B-4F86-8C9B-A75419F19AA7}.Release|x86.Deploy.0 = Release|x86
		{5CFE5C1A-DBD7-4C62-9EAF-86D8ABD117BD}.Debug|Any CPU.ActiveCfg = Debug|x86
		{5CFE5C1A-DBD7-4C62-9EAF-86D8ABD117BD}.Debug|Any CPU.Build.0 = Debug|x86
		{5CFE5C1A-DBD7-4C62-9EAF-86D8ABD117BD}.Debug|Any CPU.Deploy.0 = Debug|x86
		{5CFE5C1A-DBD7-4C62-9EAF-86D8ABD117BD}.Debug|ARM.ActiveCfg = Debug|ARM
		{5CFE5C1A-DBD7-4C62-9EAF-86D8ABD117BD}.Debug|ARM.Build.0 = Debug|ARM
		{5CFE5C1A-DBD7-4C62-9EAF-86D8ABD117BD}.Debug|ARM.Deploy.0 = Debug|ARM
		{5CFE5C1A-DBD7-4C62-9EAF-86D8ABD117BD}.Debug|x64.ActiveCfg = Debug|x64
		{5CFE5C1A-DBD7-4C62-9EAF-86D8ABD117BD}.Debug|x64.Build.0 = Debug|x64
		{5CFE5C1A-DBD7-4C62-9EAF-86D8ABD117BD}.Debug|x64.Deploy.0 = Debug|x64
		{5CFE5C1A-DBD7-4C62-9EAF-86D8ABD117BD}.Debug|x86.ActiveCfg = Debug|x86
		{5CFE5C1A-DBD7-4C62-9EAF-86D8ABD117BD}.Debug|x86.Build.0 = Debug|x86
		{5CFE5C1A-DBD7-4C62-9EAF-86D8ABD117BD}.Debug|x86.Deploy.0 = Debug|x86
		{5CFE5C1A-DBD7-4C62-9EAF-86D8ABD117BD}.Release|Any CPU.ActiveCfg = Release|Any CPU
		{5CFE5C1A-DBD7-4C62-9EAF-86D8ABD117BD}.Release|Any CPU.Build.0 = Release|Any CPU
		{5CFE5C1A-DBD7-4C62-9EAF-86D8ABD117BD}.Release|Any CPU.Deploy.0 = Release|Any CPU
		{5CFE5C1A-DBD7-4C62-9EAF-86D8ABD117BD}.Release|ARM.ActiveCfg = Release|ARM
		{5CFE5C1A-DBD7-4C62-9EAF-86D8ABD117BD}.Release|ARM.Build.0 = Release|ARM
		{5CFE5C1A-DBD7-4C62-9EAF-86D8ABD117BD}.Release|ARM.Deploy.0 = Release|ARM
		{5CFE5C1A-DBD7-4C62-9EAF-86D8ABD117BD}.Release|x64.ActiveCfg = Release|x64
		{5CFE5C1A-DBD7-4C62-9EAF-86D8ABD117BD}.Release|x64.Build.0 = Release|x64
		{5CFE5C1A-DBD7-4C62-9EAF-86D8ABD117BD}.Release|x64.Deploy.0 = Release|x64
		{5CFE5C1A-DBD7-4C62-9EAF-86D8ABD117BD}.Release|x86.ActiveCfg = Release|x86
		{5CFE5C1A-DBD7-4C62-9EAF-86D8ABD117BD}.Release|x86.Build.0 = Release|x86
		{5CFE5C1A-DBD7-4C62-9EAF-86D8ABD117BD}.Release|x86.Deploy.0 = Release|x86
		{181773BD-E35E-4000-A5BB-F526C5E65E17}.Debug|Any CPU.ActiveCfg = Debug|Any CPU
		{181773BD-E35E-4000-A5BB-F526C5E65E17}.Debug|Any CPU.Build.0 = Debug|Any CPU
		{181773BD-E35E-4000-A5BB-F526C5E65E17}.Debug|ARM.ActiveCfg = Debug|ARM
		{181773BD-E35E-4000-A5BB-F526C5E65E17}.Debug|ARM.Build.0 = Debug|ARM
		{181773BD-E35E-4000-A5BB-F526C5E65E17}.Debug|x64.ActiveCfg = Debug|x64
		{181773BD-E35E-4000-A5BB-F526C5E65E17}.Debug|x64.Build.0 = Debug|x64
		{181773BD-E35E-4000-A5BB-F526C5E65E17}.Debug|x86.ActiveCfg = Debug|x86
		{181773BD-E35E-4000-A5BB-F526C5E65E17}.Debug|x86.Build.0 = Debug|x86
		{181773BD-E35E-4000-A5BB-F526C5E65E17}.Release|Any CPU.ActiveCfg = Release|Any CPU
		{181773BD-E35E-4000-A5BB-F526C5E65E17}.Release|Any CPU.Build.0 = Release|Any CPU
		{181773BD-E35E-4000-A5BB-F526C5E65E17}.Release|ARM.ActiveCfg = Release|ARM
		{181773BD-E35E-4000-A5BB-F526C5E65E17}.Release|ARM.Build.0 = Release|ARM
		{181773BD-E35E-4000-A5BB-F526C5E65E17}.Release|x64.ActiveCfg = Release|x64
		{181773BD-E35E-4000-A5BB-F526C5E65E17}.Release|x64.Build.0 = Release|x64
		{181773BD-E35E-4000-A5BB-F526C5E65E17}.Release|x86.ActiveCfg = Release|x86
		{181773BD-E35E-4000-A5BB-F526C5E65E17}.Release|x86.Build.0 = Release|x86
		{F0F40C1F-24AA-481F-A23C-77E247B2EAFF}.Debug|Any CPU.ActiveCfg = Debug|Any CPU
		{F0F40C1F-24AA-481F-A23C-77E247B2EAFF}.Debug|Any CPU.Build.0 = Debug|Any CPU
		{F0F40C1F-24AA-481F-A23C-77E247B2EAFF}.Debug|ARM.ActiveCfg = Debug|ARM
		{F0F40C1F-24AA-481F-A23C-77E247B2EAFF}.Debug|ARM.Build.0 = Debug|ARM
		{F0F40C1F-24AA-481F-A23C-77E247B2EAFF}.Debug|x64.ActiveCfg = Debug|x64
		{F0F40C1F-24AA-481F-A23C-77E247B2EAFF}.Debug|x64.Build.0 = Debug|x64
		{F0F40C1F-24AA-481F-A23C-77E247B2EAFF}.Debug|x86.ActiveCfg = Debug|x86
		{F0F40C1F-24AA-481F-A23C-77E247B2EAFF}.Debug|x86.Build.0 = Debug|x86
		{F0F40C1F-24AA-481F-A23C-77E247B2EAFF}.Release|Any CPU.ActiveCfg = Release|Any CPU
		{F0F40C1F-24AA-481F-A23C-77E247B2EAFF}.Release|Any CPU.Build.0 = Release|Any CPU
		{F0F40C1F-24AA-481F-A23C-77E247B2EAFF}.Release|ARM.ActiveCfg = Release|ARM
		{F0F40C1F-24AA-481F-A23C-77E247B2EAFF}.Release|ARM.Build.0 = Release|ARM
		{F0F40C1F-24AA-481F-A23C-77E247B2EAFF}.Release|x64.ActiveCfg = Release|x64
		{F0F40C1F-24AA-481F-A23C-77E247B2EAFF}.Release|x64.Build.0 = Release|x64
		{F0F40C1F-24AA-481F-A23C-77E247B2EAFF}.Release|x86.ActiveCfg = Release|x86
		{F0F40C1F-24AA-481F-A23C-77E247B2EAFF}.Release|x86.Build.0 = Release|x86
	EndGlobalSection
	GlobalSection(SolutionProperties) = preSolution
		HideSolutionNode = FALSE
	EndGlobalSection
EndGlobal
